github.com/google/gofuzz v1.2.0 h1:xRy4A+RhZaiKjJ1bPfwQ8sedCA+YS2YcCHW6ec7JMi0=
github.com/google/gofuzz v1.2.0/go.mod h1:dBl0BpW6vV/+mYPU4Po3pmUjxk6FQPldtuIdl/M65Eg=
github.com/gorilla/securecookie v1.1.2 h1:YCIWL56dvtr73r6715mJs5ZvhtnY73hBvEF8kXD8ePA=
github.com/gorilla/securecookie v1.1.2/go.mod h1:NfCASbcHqRSY+3a8tlWJwsQap2VX5pwzwo4h3eOamfo=
github.com/nixpare/broadcaster v1.2.1 h1:eit04tSQgKCBvF0lFOQKaMUdVGgIvgwkQdIhvilf+vg=
github.com/nixpare/broadcaster v1.2.1/go.mod h1:IC56SeoQvQGqaqJ06HUN5zMlCLB2NoKNOXo2zNmsp7w=
github.com/nixpare/logger/v2 v2.2.6 h1:UJ6O2WBBAU90DDvbZX93GKSqiFmsHf9CIKt8CO5i4kI=
github.com/nixpare/logger/v2 v2.2.6/go.mod h1:A1daE2ZoZ76YKSUqAuq7vtgiwIKjkiCQx2J3fVU8b+8=
